// !$*UTF8*$!
{
	archiveVersion = 1;
	classes = {
	};
	objectVersion = 56;
	objects = {

/* Begin PBXBuildFile section */
		D19B14112A4EEFE90010F4DB /* LocationManager.swift in Sources */ = {isa = PBXBuildFile; fileRef = D19B14102A4EEFE90010F4DB /* LocationManager.swift */; };
		D1C189E62A48232600864783 /* AppDelegate.swift in Sources */ = {isa = PBXBuildFile; fileRef = D1C189E52A48232600864783 /* AppDelegate.swift */; };
		D1C189E82A48232600864783 /* SceneDelegate.swift in Sources */ = {isa = PBXBuildFile; fileRef = D1C189E72A48232600864783 /* SceneDelegate.swift */; };
		D1C189EA2A48232600864783 /* ViewController.swift in Sources */ = {isa = PBXBuildFile; fileRef = D1C189E92A48232600864783 /* ViewController.swift */; };
		D1C189ED2A48232600864783 /* Main.storyboard in Resources */ = {isa = PBXBuildFile; fileRef = D1C189EB2A48232600864783 /* Main.storyboard */; };
		D1C189EF2A48232700864783 /* Assets.xcassets in Resources */ = {isa = PBXBuildFile; fileRef = D1C189EE2A48232700864783 /* Assets.xcassets */; };
		D1C189F22A48232700864783 /* LaunchScreen.storyboard in Resources */ = {isa = PBXBuildFile; fileRef = D1C189F02A48232700864783 /* LaunchScreen.storyboard */; };
		D1C189FD2A48232700864783 /* Restaurant_SearchTests.swift in Sources */ = {isa = PBXBuildFile; fileRef = D1C189FC2A48232700864783 /* Restaurant_SearchTests.swift */; };
		D1C18A072A48232700864783 /* Restaurant_SearchUITests.swift in Sources */ = {isa = PBXBuildFile; fileRef = D1C18A062A48232700864783 /* Restaurant_SearchUITests.swift */; };
		D1C18A092A48232700864783 /* Restaurant_SearchUITestsLaunchTests.swift in Sources */ = {isa = PBXBuildFile; fileRef = D1C18A082A48232700864783 /* Restaurant_SearchUITestsLaunchTests.swift */; };
		D1C18A172A48271700864783 /* HPGourmetSearch.swift in Sources */ = {isa = PBXBuildFile; fileRef = D1C18A162A48271700864783 /* HPGourmetSearch.swift */; };
		D1C18A192A482E5100864783 /* HPShop.swift in Sources */ = {isa = PBXBuildFile; fileRef = D1C18A182A482E5100864783 /* HPShop.swift */; };
		D1C18A1B2A4830E000864783 /* HPGourmetResults.swift in Sources */ = {isa = PBXBuildFile; fileRef = D1C18A1A2A4830E000864783 /* HPGourmetResults.swift */; };
		D1C18A1D2A483F7500864783 /* HPGourmetShop.swift in Sources */ = {isa = PBXBuildFile; fileRef = D1C18A1C2A483F7500864783 /* HPGourmetShop.swift */; };
		D1D800972A4ADA99002673C5 /* SearchCollectionViewController.swift in Sources */ = {isa = PBXBuildFile; fileRef = D1D800962A4ADA99002673C5 /* SearchCollectionViewController.swift */; };
		D1D8009A2A4AE1A3002673C5 /* SearchCell.swift in Sources */ = {isa = PBXBuildFile; fileRef = D1D800992A4AE1A3002673C5 /* SearchCell.swift */; };
		D1E10D572A517E91002F0F07 /* RestaurantDetailViewController.swift in Sources */ = {isa = PBXBuildFile; fileRef = D1E10D562A517E91002F0F07 /* RestaurantDetailViewController.swift */; };
		D1E10D592A51910C002F0F07 /* LocalJsonTest.swift in Sources */ = {isa = PBXBuildFile; fileRef = D1E10D582A51910C002F0F07 /* LocalJsonTest.swift */; };
		D1E10D5E2A52AB08002F0F07 /* Localizable.strings in Resources */ = {isa = PBXBuildFile; fileRef = D1E10D602A52AB08002F0F07 /* Localizable.strings */; };
/* End PBXBuildFile section */

/* Begin PBXContainerItemProxy section */
		D1C189F92A48232700864783 /* PBXContainerItemProxy */ = {
			isa = PBXContainerItemProxy;
			containerPortal = D1C189DA2A48232600864783 /* Project object */;
			proxyType = 1;
			remoteGlobalIDString = D1C189E12A48232600864783;
			remoteInfo = "Restaurant Search";
		};
		D1C18A032A48232700864783 /* PBXContainerItemProxy */ = {
			isa = PBXContainerItemProxy;
			containerPortal = D1C189DA2A48232600864783 /* Project object */;
			proxyType = 1;
			remoteGlobalIDString = D1C189E12A48232600864783;
			remoteInfo = "Restaurant Search";
		};
/* End PBXContainerItemProxy section */

/* Begin PBXFileReference section */
		D19B14102A4EEFE90010F4DB /* LocationManager.swift */ = {isa = PBXFileReference; lastKnownFileType = sourcecode.swift; path = LocationManager.swift; sourceTree = "<group>"; };
		D1C189E22A48232600864783 /* Restaurant Search.app */ = {isa = PBXFileReference; explicitFileType = wrapper.application; includeInIndex = 0; path = "Restaurant Search.app"; sourceTree = BUILT_PRODUCTS_DIR; };
		D1C189E52A48232600864783 /* AppDelegate.swift */ = {isa = PBXFileReference; lastKnownFileType = sourcecode.swift; path = AppDelegate.swift; sourceTree = "<group>"; };
		D1C189E72A48232600864783 /* SceneDelegate.swift */ = {isa = PBXFileReference; lastKnownFileType = sourcecode.swift; path = SceneDelegate.swift; sourceTree = "<group>"; };
		D1C189E92A48232600864783 /* ViewController.swift */ = {isa = PBXFileReference; lastKnownFileType = sourcecode.swift; path = ViewController.swift; sourceTree = "<group>"; };
		D1C189EC2A48232600864783 /* Base */ = {isa = PBXFileReference; lastKnownFileType = file.storyboard; name = Base; path = Base.lproj/Main.storyboard; sourceTree = "<group>"; };
		D1C189EE2A48232700864783 /* Assets.xcassets */ = {isa = PBXFileReference; lastKnownFileType = folder.assetcatalog; path = Assets.xcassets; sourceTree = "<group>"; };
		D1C189F12A48232700864783 /* Base */ = {isa = PBXFileReference; lastKnownFileType = file.storyboard; name = Base; path = Base.lproj/LaunchScreen.storyboard; sourceTree = "<group>"; };
		D1C189F32A48232700864783 /* Info.plist */ = {isa = PBXFileReference; lastKnownFileType = text.plist.xml; path = Info.plist; sourceTree = "<group>"; };
		D1C189F82A48232700864783 /* Restaurant SearchTests.xctest */ = {isa = PBXFileReference; explicitFileType = wrapper.cfbundle; includeInIndex = 0; path = "Restaurant SearchTests.xctest"; sourceTree = BUILT_PRODUCTS_DIR; };
		D1C189FC2A48232700864783 /* Restaurant_SearchTests.swift */ = {isa = PBXFileReference; lastKnownFileType = sourcecode.swift; path = Restaurant_SearchTests.swift; sourceTree = "<group>"; };
		D1C18A022A48232700864783 /* Restaurant SearchUITests.xctest */ = {isa = PBXFileReference; explicitFileType = wrapper.cfbundle; includeInIndex = 0; path = "Restaurant SearchUITests.xctest"; sourceTree = BUILT_PRODUCTS_DIR; };
		D1C18A062A48232700864783 /* Restaurant_SearchUITests.swift */ = {isa = PBXFileReference; lastKnownFileType = sourcecode.swift; path = Restaurant_SearchUITests.swift; sourceTree = "<group>"; };
		D1C18A082A48232700864783 /* Restaurant_SearchUITestsLaunchTests.swift */ = {isa = PBXFileReference; lastKnownFileType = sourcecode.swift; path = Restaurant_SearchUITestsLaunchTests.swift; sourceTree = "<group>"; };
		D1C18A162A48271700864783 /* HPGourmetSearch.swift */ = {isa = PBXFileReference; lastKnownFileType = sourcecode.swift; path = HPGourmetSearch.swift; sourceTree = "<group>"; };
		D1C18A182A482E5100864783 /* HPShop.swift */ = {isa = PBXFileReference; lastKnownFileType = sourcecode.swift; path = HPShop.swift; sourceTree = "<group>"; };
		D1C18A1A2A4830E000864783 /* HPGourmetResults.swift */ = {isa = PBXFileReference; lastKnownFileType = sourcecode.swift; path = HPGourmetResults.swift; sourceTree = "<group>"; };
		D1C18A1C2A483F7500864783 /* HPGourmetShop.swift */ = {isa = PBXFileReference; lastKnownFileType = sourcecode.swift; path = HPGourmetShop.swift; sourceTree = "<group>"; };
		D1D800962A4ADA99002673C5 /* SearchCollectionViewController.swift */ = {isa = PBXFileReference; lastKnownFileType = sourcecode.swift; path = SearchCollectionViewController.swift; sourceTree = "<group>"; };
		D1D800992A4AE1A3002673C5 /* SearchCell.swift */ = {isa = PBXFileReference; lastKnownFileType = sourcecode.swift; path = SearchCell.swift; sourceTree = "<group>"; };
		D1E10D562A517E91002F0F07 /* RestaurantDetailViewController.swift */ = {isa = PBXFileReference; lastKnownFileType = sourcecode.swift; path = RestaurantDetailViewController.swift; sourceTree = "<group>"; };
		D1E10D582A51910C002F0F07 /* LocalJsonTest.swift */ = {isa = PBXFileReference; lastKnownFileType = sourcecode.swift; path = LocalJsonTest.swift; sourceTree = "<group>"; };
		D1E10D5F2A52AB08002F0F07 /* en */ = {isa = PBXFileReference; lastKnownFileType = text.plist.strings; name = en; path = en.lproj/Localizable.strings; sourceTree = "<group>"; };
		D1E10D612A52AB12002F0F07 /* ja */ = {isa = PBXFileReference; lastKnownFileType = text.plist.strings; name = ja; path = ja.lproj/Main.strings; sourceTree = "<group>"; };
		D1E10D622A52AB12002F0F07 /* ja */ = {isa = PBXFileReference; lastKnownFileType = text.plist.strings; name = ja; path = ja.lproj/LaunchScreen.strings; sourceTree = "<group>"; };
		D1E10D632A52AB12002F0F07 /* ja */ = {isa = PBXFileReference; lastKnownFileType = text.plist.strings; name = ja; path = ja.lproj/Localizable.strings; sourceTree = "<group>"; };
/* End PBXFileReference section */

/* Begin PBXFrameworksBuildPhase section */
		D1C189DF2A48232600864783 /* Frameworks */ = {
			isa = PBXFrameworksBuildPhase;
			buildActionMask = 2147483647;
			files = (
			);
			runOnlyForDeploymentPostprocessing = 0;
		};
		D1C189F52A48232700864783 /* Frameworks */ = {
			isa = PBXFrameworksBuildPhase;
			buildActionMask = 2147483647;
			files = (
			);
			runOnlyForDeploymentPostprocessing = 0;
		};
		D1C189FF2A48232700864783 /* Frameworks */ = {
			isa = PBXFrameworksBuildPhase;
			buildActionMask = 2147483647;
			files = (
			);
			runOnlyForDeploymentPostprocessing = 0;
		};
/* End PBXFrameworksBuildPhase section */

/* Begin PBXGroup section */
		D1C189D92A48232600864783 = {
			isa = PBXGroup;
			children = (
				D1C189E42A48232600864783 /* Restaurant Search */,
				D1C189FB2A48232700864783 /* Restaurant SearchTests */,
				D1C18A052A48232700864783 /* Restaurant SearchUITests */,
				D1C189E32A48232600864783 /* Products */,
			);
			sourceTree = "<group>";
		};
		D1C189E32A48232600864783 /* Products */ = {
			isa = PBXGroup;
			children = (
				D1C189E22A48232600864783 /* Restaurant Search.app */,
				D1C189F82A48232700864783 /* Restaurant SearchTests.xctest */,
				D1C18A022A48232700864783 /* Restaurant SearchUITests.xctest */,
			);
			name = Products;
			sourceTree = "<group>";
		};
		D1C189E42A48232600864783 /* Restaurant Search */ = {
			isa = PBXGroup;
			children = (
				D1C189E52A48232600864783 /* AppDelegate.swift */,
				D1C189E72A48232600864783 /* SceneDelegate.swift */,
				D1C189E92A48232600864783 /* ViewController.swift */,
				D1C18A152A48244A00864783 /* Model */,
				D1D800982A4AE195002673C5 /* View */,
				D1D800952A4ACC94002673C5 /* Controller */,
				D1C189EB2A48232600864783 /* Main.storyboard */,
				D1C189EE2A48232700864783 /* Assets.xcassets */,
				D1C189F02A48232700864783 /* LaunchScreen.storyboard */,
				D1C189F32A48232700864783 /* Info.plist */,
				D1E10D602A52AB08002F0F07 /* Localizable.strings */,
			);
			path = "Restaurant Search";
			sourceTree = "<group>";
		};
		D1C189FB2A48232700864783 /* Restaurant SearchTests */ = {
			isa = PBXGroup;
			children = (
				D1C189FC2A48232700864783 /* Restaurant_SearchTests.swift */,
				D1E10D582A51910C002F0F07 /* LocalJsonTest.swift */,
			);
			path = "Restaurant SearchTests";
			sourceTree = "<group>";
		};
		D1C18A052A48232700864783 /* Restaurant SearchUITests */ = {
			isa = PBXGroup;
			children = (
				D1C18A062A48232700864783 /* Restaurant_SearchUITests.swift */,
				D1C18A082A48232700864783 /* Restaurant_SearchUITestsLaunchTests.swift */,
			);
			path = "Restaurant SearchUITests";
			sourceTree = "<group>";
		};
		D1C18A152A48244A00864783 /* Model */ = {
			isa = PBXGroup;
			children = (
				D1C18A162A48271700864783 /* HPGourmetSearch.swift */,
				D1C18A1A2A4830E000864783 /* HPGourmetResults.swift */,
				D1C18A1C2A483F7500864783 /* HPGourmetShop.swift */,
				D1C18A182A482E5100864783 /* HPShop.swift */,
				D19B14102A4EEFE90010F4DB /* LocationManager.swift */,
			);
			path = Model;
			sourceTree = "<group>";
		};
		D1D800952A4ACC94002673C5 /* Controller */ = {
			isa = PBXGroup;
			children = (
				D1D800962A4ADA99002673C5 /* SearchCollectionViewController.swift */,
				D1E10D562A517E91002F0F07 /* RestaurantDetailViewController.swift */,
			);
			path = Controller;
			sourceTree = "<group>";
		};
		D1D800982A4AE195002673C5 /* View */ = {
			isa = PBXGroup;
			children = (
				D1D800992A4AE1A3002673C5 /* SearchCell.swift */,
			);
			path = View;
			sourceTree = "<group>";
		};
/* End PBXGroup section */

/* Begin PBXNativeTarget section */
		D1C189E12A48232600864783 /* Restaurant Search */ = {
			isa = PBXNativeTarget;
			buildConfigurationList = D1C18A0C2A48232700864783 /* Build configuration list for PBXNativeTarget "Restaurant Search" */;
			buildPhases = (
				D1C189DE2A48232600864783 /* Sources */,
				D1C189DF2A48232600864783 /* Frameworks */,
				D1C189E02A48232600864783 /* Resources */,
			);
			buildRules = (
			);
			dependencies = (
			);
			name = "Restaurant Search";
			productName = "Restaurant Search";
			productReference = D1C189E22A48232600864783 /* Restaurant Search.app */;
			productType = "com.apple.product-type.application";
		};
		D1C189F72A48232700864783 /* Restaurant SearchTests */ = {
			isa = PBXNativeTarget;
			buildConfigurationList = D1C18A0F2A48232700864783 /* Build configuration list for PBXNativeTarget "Restaurant SearchTests" */;
			buildPhases = (
				D1C189F42A48232700864783 /* Sources */,
				D1C189F52A48232700864783 /* Frameworks */,
				D1C189F62A48232700864783 /* Resources */,
			);
			buildRules = (
			);
			dependencies = (
				D1C189FA2A48232700864783 /* PBXTargetDependency */,
			);
			name = "Restaurant SearchTests";
			productName = "Restaurant SearchTests";
			productReference = D1C189F82A48232700864783 /* Restaurant SearchTests.xctest */;
			productType = "com.apple.product-type.bundle.unit-test";
		};
		D1C18A012A48232700864783 /* Restaurant SearchUITests */ = {
			isa = PBXNativeTarget;
			buildConfigurationList = D1C18A122A48232700864783 /* Build configuration list for PBXNativeTarget "Restaurant SearchUITests" */;
			buildPhases = (
				D1C189FE2A48232700864783 /* Sources */,
				D1C189FF2A48232700864783 /* Frameworks */,
				D1C18A002A48232700864783 /* Resources */,
			);
			buildRules = (
			);
			dependencies = (
				D1C18A042A48232700864783 /* PBXTargetDependency */,
			);
			name = "Restaurant SearchUITests";
			productName = "Restaurant SearchUITests";
			productReference = D1C18A022A48232700864783 /* Restaurant SearchUITests.xctest */;
			productType = "com.apple.product-type.bundle.ui-testing";
		};
/* End PBXNativeTarget section */

/* Begin PBXProject section */
		D1C189DA2A48232600864783 /* Project object */ = {
			isa = PBXProject;
			attributes = {
				BuildIndependentTargetsInParallel = 1;
				LastSwiftUpdateCheck = 1430;
				LastUpgradeCheck = 1430;
				TargetAttributes = {
					D1C189E12A48232600864783 = {
						CreatedOnToolsVersion = 14.3.1;
					};
					D1C189F72A48232700864783 = {
						CreatedOnToolsVersion = 14.3.1;
						TestTargetID = D1C189E12A48232600864783;
					};
					D1C18A012A48232700864783 = {
						CreatedOnToolsVersion = 14.3.1;
						TestTargetID = D1C189E12A48232600864783;
					};
				};
			};
			buildConfigurationList = D1C189DD2A48232600864783 /* Build configuration list for PBXProject "Restaurant Search" */;
			compatibilityVersion = "Xcode 14.0";
			developmentRegion = en;
			hasScannedForEncodings = 0;
			knownRegions = (
				en,
				Base,
				ja,
			);
			mainGroup = D1C189D92A48232600864783;
			productRefGroup = D1C189E32A48232600864783 /* Products */;
			projectDirPath = "";
			projectRoot = "";
			targets = (
				D1C189E12A48232600864783 /* Restaurant Search */,
				D1C189F72A48232700864783 /* Restaurant SearchTests */,
				D1C18A012A48232700864783 /* Restaurant SearchUITests */,
			);
		};
/* End PBXProject section */

/* Begin PBXResourcesBuildPhase section */
		D1C189E02A48232600864783 /* Resources */ = {
			isa = PBXResourcesBuildPhase;
			buildActionMask = 2147483647;
			files = (
				D1C189F22A48232700864783 /* LaunchScreen.storyboard in Resources */,
				D1E10D5E2A52AB08002F0F07 /* Localizable.strings in Resources */,
				D1C189EF2A48232700864783 /* Assets.xcassets in Resources */,
				D1C189ED2A48232600864783 /* Main.storyboard in Resources */,
			);
			runOnlyForDeploymentPostprocessing = 0;
		};
		D1C189F62A48232700864783 /* Resources */ = {
			isa = PBXResourcesBuildPhase;
			buildActionMask = 2147483647;
			files = (
			);
			runOnlyForDeploymentPostprocessing = 0;
		};
		D1C18A002A48232700864783 /* Resources */ = {
			isa = PBXResourcesBuildPhase;
			buildActionMask = 2147483647;
			files = (
			);
			runOnlyForDeploymentPostprocessing = 0;
		};
/* End PBXResourcesBuildPhase section */

/* Begin PBXSourcesBuildPhase section */
		D1C189DE2A48232600864783 /* Sources */ = {
			isa = PBXSourcesBuildPhase;
			buildActionMask = 2147483647;
			files = (
				D1D800972A4ADA99002673C5 /* SearchCollectionViewController.swift in Sources */,
				D1C189EA2A48232600864783 /* ViewController.swift in Sources */,
				D19B14112A4EEFE90010F4DB /* LocationManager.swift in Sources */,
				D1C18A192A482E5100864783 /* HPShop.swift in Sources */,
				D1C189E62A48232600864783 /* AppDelegate.swift in Sources */,
				D1D8009A2A4AE1A3002673C5 /* SearchCell.swift in Sources */,
				D1E10D572A517E91002F0F07 /* RestaurantDetailViewController.swift in Sources */,
				D1C18A1D2A483F7500864783 /* HPGourmetShop.swift in Sources */,
				D1C189E82A48232600864783 /* SceneDelegate.swift in Sources */,
				D1C18A1B2A4830E000864783 /* HPGourmetResults.swift in Sources */,
				D1C18A172A48271700864783 /* HPGourmetSearch.swift in Sources */,
			);
			runOnlyForDeploymentPostprocessing = 0;
		};
		D1C189F42A48232700864783 /* Sources */ = {
			isa = PBXSourcesBuildPhase;
			buildActionMask = 2147483647;
			files = (
				D1C189FD2A48232700864783 /* Restaurant_SearchTests.swift in Sources */,
				D1E10D592A51910C002F0F07 /* LocalJsonTest.swift in Sources */,
			);
			runOnlyForDeploymentPostprocessing = 0;
		};
		D1C189FE2A48232700864783 /* Sources */ = {
			isa = PBXSourcesBuildPhase;
			buildActionMask = 2147483647;
			files = (
				D1C18A072A48232700864783 /* Restaurant_SearchUITests.swift in Sources */,
				D1C18A092A48232700864783 /* Restaurant_SearchUITestsLaunchTests.swift in Sources */,
			);
			runOnlyForDeploymentPostprocessing = 0;
		};
/* End PBXSourcesBuildPhase section */

/* Begin PBXTargetDependency section */
		D1C189FA2A48232700864783 /* PBXTargetDependency */ = {
			isa = PBXTargetDependency;
			target = D1C189E12A48232600864783 /* Restaurant Search */;
			targetProxy = D1C189F92A48232700864783 /* PBXContainerItemProxy */;
		};
		D1C18A042A48232700864783 /* PBXTargetDependency */ = {
			isa = PBXTargetDependency;
			target = D1C189E12A48232600864783 /* Restaurant Search */;
			targetProxy = D1C18A032A48232700864783 /* PBXContainerItemProxy */;
		};
/* End PBXTargetDependency section */

/* Begin PBXVariantGroup section */
		D1C189EB2A48232600864783 /* Main.storyboard */ = {
			isa = PBXVariantGroup;
			children = (
				D1C189EC2A48232600864783 /* Base */,
				D1E10D612A52AB12002F0F07 /* ja */,
			);
			name = Main.storyboard;
			sourceTree = "<group>";
		};
		D1C189F02A48232700864783 /* LaunchScreen.storyboard */ = {
			isa = PBXVariantGroup;
			children = (
				D1C189F12A48232700864783 /* Base */,
				D1E10D622A52AB12002F0F07 /* ja */,
			);
			name = LaunchScreen.storyboard;
			sourceTree = "<group>";
		};
		D1E10D602A52AB08002F0F07 /* Localizable.strings */ = {
			isa = PBXVariantGroup;
			children = (
				D1E10D5F2A52AB08002F0F07 /* en */,
				D1E10D632A52AB12002F0F07 /* ja */,
			);
			name = Localizable.strings;
			sourceTree = "<group>";
		};
/* End PBXVariantGroup section */

/* Begin XCBuildConfiguration section */
		D1C18A0A2A48232700864783 /* Debug */ = {
			isa = XCBuildConfiguration;
			buildSettings = {
				ALWAYS_SEARCH_USER_PATHS = NO;
				CLANG_ANALYZER_LOCALIZABILITY_NONLOCALIZED = YES;
				CLANG_ANALYZER_NONNULL = YES;
				CLANG_ANALYZER_NUMBER_OBJECT_CONVERSION = YES_AGGRESSIVE;
				CLANG_CXX_LANGUAGE_STANDARD = "gnu++20";
				CLANG_ENABLE_MODULES = YES;
				CLANG_ENABLE_OBJC_ARC = YES;
				CLANG_ENABLE_OBJC_WEAK = YES;
				CLANG_WARN_BLOCK_CAPTURE_AUTORELEASING = YES;
				CLANG_WARN_BOOL_CONVERSION = YES;
				CLANG_WARN_COMMA = YES;
				CLANG_WARN_CONSTANT_CONVERSION = YES;
				CLANG_WARN_DEPRECATED_OBJC_IMPLEMENTATIONS = YES;
				CLANG_WARN_DIRECT_OBJC_ISA_USAGE = YES_ERROR;
				CLANG_WARN_DOCUMENTATION_COMMENTS = YES;
				CLANG_WARN_EMPTY_BODY = YES;
				CLANG_WARN_ENUM_CONVERSION = YES;
				CLANG_WARN_INFINITE_RECURSION = YES;
				CLANG_WARN_INT_CONVERSION = YES;
				CLANG_WARN_NON_LITERAL_NULL_CONVERSION = YES;
				CLANG_WARN_OBJC_IMPLICIT_RETAIN_SELF = YES;
				CLANG_WARN_OBJC_LITERAL_CONVERSION = YES;
				CLANG_WARN_OBJC_ROOT_CLASS = YES_ERROR;
				CLANG_WARN_QUOTED_INCLUDE_IN_FRAMEWORK_HEADER = YES;
				CLANG_WARN_RANGE_LOOP_ANALYSIS = YES;
				CLANG_WARN_STRICT_PROTOTYPES = YES;
				CLANG_WARN_SUSPICIOUS_MOVE = YES;
				CLANG_WARN_UNGUARDED_AVAILABILITY = YES_AGGRESSIVE;
				CLANG_WARN_UNREACHABLE_CODE = YES;
				CLANG_WARN__DUPLICATE_METHOD_MATCH = YES;
				COPY_PHASE_STRIP = NO;
				DEBUG_INFORMATION_FORMAT = dwarf;
				ENABLE_STRICT_OBJC_MSGSEND = YES;
				ENABLE_TESTABILITY = YES;
				GCC_C_LANGUAGE_STANDARD = gnu11;
				GCC_DYNAMIC_NO_PIC = NO;
				GCC_NO_COMMON_BLOCKS = YES;
				GCC_OPTIMIZATION_LEVEL = 0;
				GCC_PREPROCESSOR_DEFINITIONS = (
					"DEBUG=1",
					"$(inherited)",
				);
				GCC_WARN_64_TO_32_BIT_CONVERSION = YES;
				GCC_WARN_ABOUT_RETURN_TYPE = YES_ERROR;
				GCC_WARN_UNDECLARED_SELECTOR = YES;
				GCC_WARN_UNINITIALIZED_AUTOS = YES_AGGRESSIVE;
				GCC_WARN_UNUSED_FUNCTION = YES;
				GCC_WARN_UNUSED_VARIABLE = YES;
				IPHONEOS_DEPLOYMENT_TARGET = 16.4;
				MTL_ENABLE_DEBUG_INFO = INCLUDE_SOURCE;
				MTL_FAST_MATH = YES;
				ONLY_ACTIVE_ARCH = YES;
				SDKROOT = iphoneos;
				SWIFT_ACTIVE_COMPILATION_CONDITIONS = DEBUG;
				SWIFT_OPTIMIZATION_LEVEL = "-Onone";
			};
			name = Debug;
		};
		D1C18A0B2A48232700864783 /* Release */ = {
			isa = XCBuildConfiguration;
			buildSettings = {
				ALWAYS_SEARCH_USER_PATHS = NO;
				CLANG_ANALYZER_LOCALIZABILITY_NONLOCALIZED = YES;
				CLANG_ANALYZER_NONNULL = YES;
				CLANG_ANALYZER_NUMBER_OBJECT_CONVERSION = YES_AGGRESSIVE;
				CLANG_CXX_LANGUAGE_STANDARD = "gnu++20";
				CLANG_ENABLE_MODULES = YES;
				CLANG_ENABLE_OBJC_ARC = YES;
				CLANG_ENABLE_OBJC_WEAK = YES;
				CLANG_WARN_BLOCK_CAPTURE_AUTORELEASING = YES;
				CLANG_WARN_BOOL_CONVERSION = YES;
				CLANG_WARN_COMMA = YES;
				CLANG_WARN_CONSTANT_CONVERSION = YES;
				CLANG_WARN_DEPRECATED_OBJC_IMPLEMENTATIONS = YES;
				CLANG_WARN_DIRECT_OBJC_ISA_USAGE = YES_ERROR;
				CLANG_WARN_DOCUMENTATION_COMMENTS = YES;
				CLANG_WARN_EMPTY_BODY = YES;
				CLANG_WARN_ENUM_CONVERSION = YES;
				CLANG_WARN_INFINITE_RECURSION = YES;
				CLANG_WARN_INT_CONVERSION = YES;
				CLANG_WARN_NON_LITERAL_NULL_CONVERSION = YES;
				CLANG_WARN_OBJC_IMPLICIT_RETAIN_SELF = YES;
				CLANG_WARN_OBJC_LITERAL_CONVERSION = YES;
				CLANG_WARN_OBJC_ROOT_CLASS = YES_ERROR;
				CLANG_WARN_QUOTED_INCLUDE_IN_FRAMEWORK_HEADER = YES;
				CLANG_WARN_RANGE_LOOP_ANALYSIS = YES;
				CLANG_WARN_STRICT_PROTOTYPES = YES;
				CLANG_WARN_SUSPICIOUS_MOVE = YES;
				CLANG_WARN_UNGUARDED_AVAILABILITY = YES_AGGRESSIVE;
				CLANG_WARN_UNREACHABLE_CODE = YES;
				CLANG_WARN__DUPLICATE_METHOD_MATCH = YES;
				COPY_PHASE_STRIP = NO;
				DEBUG_INFORMATION_FORMAT = "dwarf-with-dsym";
				ENABLE_NS_ASSERTIONS = NO;
				ENABLE_STRICT_OBJC_MSGSEND = YES;
				GCC_C_LANGUAGE_STANDARD = gnu11;
				GCC_NO_COMMON_BLOCKS = YES;
				GCC_WARN_64_TO_32_BIT_CONVERSION = YES;
				GCC_WARN_ABOUT_RETURN_TYPE = YES_ERROR;
				GCC_WARN_UNDECLARED_SELECTOR = YES;
				GCC_WARN_UNINITIALIZED_AUTOS = YES_AGGRESSIVE;
				GCC_WARN_UNUSED_FUNCTION = YES;
				GCC_WARN_UNUSED_VARIABLE = YES;
				IPHONEOS_DEPLOYMENT_TARGET = 16.4;
				MTL_ENABLE_DEBUG_INFO = NO;
				MTL_FAST_MATH = YES;
				SDKROOT = iphoneos;
				SWIFT_COMPILATION_MODE = wholemodule;
				SWIFT_OPTIMIZATION_LEVEL = "-O";
				VALIDATE_PRODUCT = YES;
			};
			name = Release;
		};
		D1C18A0D2A48232700864783 /* Debug */ = {
			isa = XCBuildConfiguration;
			buildSettings = {
				ASSETCATALOG_COMPILER_APPICON_NAME = AppIcon;
				ASSETCATALOG_COMPILER_GLOBAL_ACCENT_COLOR_NAME = AccentColor;
				CODE_SIGN_STYLE = Automatic;
				CURRENT_PROJECT_VERSION = 1;
				DEVELOPMENT_TEAM = 5U8W3XYWRU;
				GENERATE_INFOPLIST_FILE = YES;
				INFOPLIST_FILE = "Restaurant Search/Info.plist";
				INFOPLIST_KEY_UIApplicationSupportsIndirectInputEvents = YES;
				INFOPLIST_KEY_UILaunchStoryboardName = LaunchScreen;
				INFOPLIST_KEY_UIMainStoryboardFile = Main;
				INFOPLIST_KEY_UISupportedInterfaceOrientations_iPad = "UIInterfaceOrientationPortrait UIInterfaceOrientationPortraitUpsideDown UIInterfaceOrientationLandscapeLeft UIInterfaceOrientationLandscapeRight";
				INFOPLIST_KEY_UISupportedInterfaceOrientations_iPhone = "UIInterfaceOrientationPortrait UIInterfaceOrientationLandscapeLeft UIInterfaceOrientationLandscapeRight";
				LD_RUNPATH_SEARCH_PATHS = (
					"$(inherited)",
					"@executable_path/Frameworks",
				);
				MARKETING_VERSION = 1.0;
				PRODUCT_BUNDLE_IDENTIFIER = "com.yidev.Restaurant-Search";
				PRODUCT_NAME = "$(TARGET_NAME)";
				SWIFT_EMIT_LOC_STRINGS = YES;
				SWIFT_VERSION = 5.0;
				TARGETED_DEVICE_FAMILY = "1,2";
			};
			name = Debug;
		};
		D1C18A0E2A48232700864783 /* Release */ = {
			isa = XCBuildConfiguration;
			buildSettings = {
				ASSETCATALOG_COMPILER_APPICON_NAME = AppIcon;
				ASSETCATALOG_COMPILER_GLOBAL_ACCENT_COLOR_NAME = AccentColor;
				CODE_SIGN_STYLE = Automatic;
				CURRENT_PROJECT_VERSION = 1;
				DEVELOPMENT_TEAM = 5U8W3XYWRU;
				GENERATE_INFOPLIST_FILE = YES;
				INFOPLIST_FILE = "Restaurant Search/Info.plist";
				INFOPLIST_KEY_UIApplicationSupportsIndirectInputEvents = YES;
				INFOPLIST_KEY_UILaunchStoryboardName = LaunchScreen;
				INFOPLIST_KEY_UIMainStoryboardFile = Main;
				INFOPLIST_KEY_UISupportedInterfaceOrientations_iPad = "UIInterfaceOrientationPortrait UIInterfaceOrientationPortraitUpsideDown UIInterfaceOrientationLandscapeLeft UIInterfaceOrientationLandscapeRight";
				INFOPLIST_KEY_UISupportedInterfaceOrientations_iPhone = "UIInterfaceOrientationPortrait UIInterfaceOrientationLandscapeLeft UIInterfaceOrientationLandscapeRight";
				LD_RUNPATH_SEARCH_PATHS = (
					"$(inherited)",
					"@executable_path/Frameworks",
				);
				MARKETING_VERSION = 1.0;
				PRODUCT_BUNDLE_IDENTIFIER = "com.yidev.Restaurant-Search";
				PRODUCT_NAME = "$(TARGET_NAME)";
				SWIFT_EMIT_LOC_STRINGS = YES;
				SWIFT_VERSION = 5.0;
				TARGETED_DEVICE_FAMILY = "1,2";
			};
			name = Release;
		};
		D1C18A102A48232700864783 /* Debug */ = {
			isa = XCBuildConfiguration;
			buildSettings = {
				ALWAYS_EMBED_SWIFT_STANDARD_LIBRARIES = YES;
				BUNDLE_LOADER = "$(TEST_HOST)";
				CODE_SIGN_STYLE = Automatic;
				CURRENT_PROJECT_VERSION = 1;
				DEVELOPMENT_TEAM = 5U8W3XYWRU;
				GENERATE_INFOPLIST_FILE = YES;
				IPHONEOS_DEPLOYMENT_TARGET = 16.4;
				MARKETING_VERSION = 1.0;
				PRODUCT_BUNDLE_IDENTIFIER = "com.yidev.Restaurant-SearchTests";
				PRODUCT_NAME = "$(TARGET_NAME)";
				SWIFT_EMIT_LOC_STRINGS = NO;
				SWIFT_VERSION = 5.0;
				TARGETED_DEVICE_FAMILY = "1,2";
				TEST_HOST = "$(BUILT_PRODUCTS_DIR)/Restaurant Search.app/$(BUNDLE_EXECUTABLE_FOLDER_PATH)/Restaurant Search";
			};
			name = Debug;
		};
		D1C18A112A48232700864783 /* Release */ = {
			isa = XCBuildConfiguration;
			buildSettings = {
				ALWAYS_EMBED_SWIFT_STANDARD_LIBRARIES = YES;
				BUNDLE_LOADER = "$(TEST_HOST)";
				CODE_SIGN_STYLE = Automatic;
				CURRENT_PROJECT_VERSION = 1;
				DEVELOPMENT_TEAM = 5U8W3XYWRU;
				GENERATE_INFOPLIST_FILE = YES;
				IPHONEOS_DEPLOYMENT_TARGET = 16.4;
				MARKETING_VERSION = 1.0;
				PRODUCT_BUNDLE_IDENTIFIER = "com.yidev.Restaurant-SearchTests";
				PRODUCT_NAME = "$(TARGET_NAME)";
				SWIFT_EMIT_LOC_STRINGS = NO;
				SWIFT_VERSION = 5.0;
				TARGETED_DEVICE_FAMILY = "1,2";
				TEST_HOST = "$(BUILT_PRODUCTS_DIR)/Restaurant Search.app/$(BUNDLE_EXECUTABLE_FOLDER_PATH)/Restaurant Search";
			};
			name = Release;
		};
		D1C18A132A48232700864783 /* Debug */ = {
			isa = XCBuildConfiguration;
			buildSettings = {
				ALWAYS_EMBED_SWIFT_STANDARD_LIBRARIES = YES;
				CODE_SIGN_STYLE = Automatic;
				CURRENT_PROJECT_VERSION = 1;
				DEVELOPMENT_TEAM = 5U8W3XYWRU;
				GENERATE_INFOPLIST_FILE = YES;
				MARKETING_VERSION = 1.0;
				PRODUCT_BUNDLE_IDENTIFIER = "com.yidev.Restaurant-SearchUITests";
				PRODUCT_NAME = "$(TARGET_NAME)";
				SWIFT_EMIT_LOC_STRINGS = NO;
				SWIFT_VERSION = 5.0;
				TARGETED_DEVICE_FAMILY = "1,2";
				TEST_TARGET_NAME = "Restaurant Search";
			};
			name = Debug;
		};
		D1C18A142A48232700864783 /* Release */ = {
			isa = XCBuildConfiguration;
			buildSettings = {
				ALWAYS_EMBED_SWIFT_STANDARD_LIBRARIES = YES;
				CODE_SIGN_STYLE = Automatic;
				CURRENT_PROJECT_VERSION = 1;
				DEVELOPMENT_TEAM = 5U8W3XYWRU;
				GENERATE_INFOPLIST_FILE = YES;
				MARKETING_VERSION = 1.0;
				PRODUCT_BUNDLE_IDENTIFIER = "com.yidev.Restaurant-SearchUITests";
				PRODUCT_NAME = "$(TARGET_NAME)";
				SWIFT_EMIT_LOC_STRINGS = NO;
				SWIFT_VERSION = 5.0;
				TARGETED_DEVICE_FAMILY = "1,2";
				TEST_TARGET_NAME = "Restaurant Search";
			};
			name = Release;
		};
/* End XCBuildConfiguration section */

/* Begin XCConfigurationList section */
		D1C189DD2A48232600864783 /* Build configuration list for PBXProject "Restaurant Search" */ = {
			isa = XCConfigurationList;
			buildConfigurations = (
				D1C18A0A2A48232700864783 /* Debug */,
				D1C18A0B2A48232700864783 /* Release */,
			);
			defaultConfigurationIsVisible = 0;
			defaultConfigurationName = Release;
		};
		D1C18A0C2A48232700864783 /* Build configuration list for PBXNativeTarget "Restaurant Search" */ = {
			isa = XCConfigurationList;
			buildConfigurations = (
				D1C18A0D2A48232700864783 /* Debug */,
				D1C18A0E2A48232700864783 /* Release */,
			);
			defaultConfigurationIsVisible = 0;
			defaultConfigurationName = Release;
		};
		D1C18A0F2A48232700864783 /* Build configuration list for PBXNativeTarget "Restaurant SearchTests" */ = {
			isa = XCConfigurationList;
			buildConfigurations = (
				D1C18A102A48232700864783 /* Debug */,
				D1C18A112A48232700864783 /* Release */,
			);
			defaultConfigurationIsVisible = 0;
			defaultConfigurationName = Release;
		};
		D1C18A122A48232700864783 /* Build configuration list for PBXNativeTarget "Restaurant SearchUITests" */ = {
			isa = XCConfigurationList;
			buildConfigurations = (
				D1C18A132A48232700864783 /* Debug */,
				D1C18A142A48232700864783 /* Release */,
			);
			defaultConfigurationIsVisible = 0;
			defaultConfigurationName = Release;
		};
/* End XCConfigurationList section */
	};
	rootObject = D1C189DA2A48232600864783 /* Project object */;
}
